
Microsoft Visual Studio Solution File, Format Version 12.00
# Visual Studio 14
VisualStudioVersion = 14.0.25420.1
MinimumVisualStudioVersion = 10.0.40219.1
Project("{FAE04EC0-301F-11D3-BF4B-00C04F79EFBC}") = "SelfAspNetCSharp", "SelfAspNetCSharp\SelfAspNetCSharp.csproj", "{DD972A3D-5779-474D-93CE-3BF34362CB5B}"
EndProject
Project("{FAE04EC0-301F-11D3-BF4B-00C04F79EFBC}") = "SelfAspNetCSharp.Tests", "SelfAspNetCSharp.Tests\SelfAspNetCSharp.Tests.csproj", "{374D2FC2-471C-4CF1-859D-8C260E4E6D91}"
EndProject
Global
	GlobalSection(SolutionConfigurationPlatforms) = preSolution
		Debug|Any CPU = Debug|Any CPU
		Release|Any CPU = Release|Any CPU
	EndGlobalSection
	GlobalSection(ProjectConfigurationPlatforms) = postSolution
		{DD972A3D-5779-474D-93CE-3BF34362CB5B}.Debug|Any CPU.ActiveCfg = Debug|Any CPU
		{DD972A3D-5779-474D-93CE-3BF34362CB5B}.Debug|Any CPU.Build.0 = Debug|Any CPU
		{DD972A3D-5779-474D-93CE-3BF34362CB5B}.Release|Any CPU.ActiveCfg = Release|Any CPU
		{DD972A3D-5779-474D-93CE-3BF34362CB5B}.Release|Any CPU.Build.0 = Release|Any CPU
		{374D2FC2-471C-4CF1-859D-8C260E4E6D91}.Debug|Any CPU.ActiveCfg = Debug|Any CPU
		{374D2FC2-471C-4CF1-859D-8C260E4E6D91}.Debug|Any CPU.Build.0 = Debug|Any CPU
		{374D2FC2-471C-4CF1-859D-8C260E4E6D91}.Release|Any CPU.ActiveCfg = Release|Any CPU
		{374D2FC2-471C-4CF1-859D-8C260E4E6D91}.Release|Any CPU.Build.0 = Release|Any CPU
	EndGlobalSection
	GlobalSection(SolutionProperties) = preSolution
		HideSolutionNode = FALSE
	EndGlobalSection
EndGlobal
